<?xml version="1.0" encoding="utf-8"?>
<Project ToolsVersion="4.0" xmlns="http://schemas.microsoft.com/developer/msbuild/2003">
  <ItemGroup>
    <Filter Include="Исходные файлы">
      <UniqueIdentifier>{4FC737F1-C7A5-4376-A066-2A32D752A2FF}</UniqueIdentifier>
      <Extensions>cpp;c;cc;cxx;c++;cppm;ixx;def;odl;idl;hpj;bat;asm;asmx</Extensions>
    </Filter>
    <Filter Include="Файлы заголовков">
      <UniqueIdentifier>{93995380-89BD-4b04-88EB-625FBE52EBFB}</UniqueIdentifier>
      <Extensions>h;hh;hpp;hxx;h++;hm;inl;inc;ipp;xsd</Extensions>
    </Filter>
    <Filter Include="Файлы ресурсов">
      <UniqueIdentifier>{67DA6AB6-F800-4c08-8B7A-83BB121AAD01}</UniqueIdentifier>
      <Extensions>rc;ico;cur;bmp;dlg;rc2;rct;bin;rgs;gif;jpg;jpeg;jpe;resx;tiff;tif;png;wav;mfcribbon-ms</Extensions>
    </Filter>
    <Filter Include="Исходные файлы\point">
      <UniqueIdentifier>{3f3fb848-91ed-4686-bf4b-a06069eea911}</UniqueIdentifier>
    </Filter>
    <Filter Include="Исходные файлы\environment">
      <UniqueIdentifier>{ffc35221-b594-4b4c-a874-da0992c8b1a6}</UniqueIdentifier>
    </Filter>
    <Filter Include="Исходные файлы\widget">
      <UniqueIdentifier>{136ae72c-fd75-4e36-b047-63bcfa2f0a72}</UniqueIdentifier>
    </Filter>
    <Filter Include="Исходные файлы\image_widget">
      <UniqueIdentifier>{6a3823c5-f42c-4c05-9e3e-c3e38846aeb3}</UniqueIdentifier>
    </Filter>
  </ItemGroup>
  <ItemGroup>
    <ClCompile Include="SFML_widgets.cpp">
      <Filter>Исходные файлы</Filter>
    </ClCompile>
    <ClCompile Include="point_operators.cpp">
      <Filter>Исходные файлы\point</Filter>
    </ClCompile>
    <ClCompile Include="window.cpp">
      <Filter>Исходные файлы\environment</Filter>
    </ClCompile>
    <ClCompile Include="widget_draw.cpp">
      <Filter>Исходные файлы\widget</Filter>
    </ClCompile>
    <ClCompile Include="widget_add_child.cpp">
      <Filter>Исходные файлы\widget</Filter>
    </ClCompile>
    <ClCompile Include="widget_constructors.cpp">
      <Filter>Исходные файлы\widget</Filter>
    </ClCompile>
    <ClCompile Include="widget_set_visibility.cpp">
      <Filter>Исходные файлы\widget</Filter>
    </ClCompile>
    <ClCompile Include="image_widget_draw.cpp">
      <Filter>Исходные файлы\image_widget</Filter>
    </ClCompile>
    <ClCompile Include="image_widget_constructors.cpp">
      <Filter>Исходные файлы\image_widget</Filter>
    </ClCompile>
  </ItemGroup>
  <ItemGroup>
    <ClInclude Include="point.hpp">
      <Filter>Файлы заголовков</Filter>
    </ClInclude>
    <ClInclude Include="environment.hpp">
      <Filter>Файлы заголовков</Filter>
    </ClInclude>
    <ClInclude Include="widget.hpp">
      <Filter>Файлы заголовков</Filter>
    </ClInclude>
    <ClInclude Include="image_widget.hpp">
      <Filter>Файлы заголовков</Filter>
    </ClInclude>
  </ItemGroup>
</Project>