<?xml version="1.0" encoding="utf-8"?>
<Project ToolsVersion="4.0" xmlns="http://schemas.microsoft.com/developer/msbuild/2003">
  <ItemGroup>
    <Filter Include="Исходные файлы">
      <UniqueIdentifier>{4FC737F1-C7A5-4376-A066-2A32D752A2FF}</UniqueIdentifier>
      <Extensions>cpp;c;cc;cxx;c++;cppm;ixx;def;odl;idl;hpj;bat;asm;asmx</Extensions>
    </Filter>
    <Filter Include="Файлы заголовков">
      <UniqueIdentifier>{93995380-89BD-4b04-88EB-625FBE52EBFB}</UniqueIdentifier>
      <Extensions>h;hh;hpp;hxx;h++;hm;inl;inc;ipp;xsd</Extensions>
    </Filter>
    <Filter Include="Файлы ресурсов">
      <UniqueIdentifier>{67DA6AB6-F800-4c08-8B7A-83BB121AAD01}</UniqueIdentifier>
      <Extensions>rc;ico;cur;bmp;dlg;rc2;rct;bin;rgs;gif;jpg;jpeg;jpe;resx;tiff;tif;png;wav;mfcribbon-ms</Extensions>
    </Filter>
    <Filter Include="Исходные файлы\point">
      <UniqueIdentifier>{3f3fb848-91ed-4686-bf4b-a06069eea911}</UniqueIdentifier>
    </Filter>
    <Filter Include="Исходные файлы\environment">
      <UniqueIdentifier>{ffc35221-b594-4b4c-a874-da0992c8b1a6}</UniqueIdentifier>
    </Filter>
    <Filter Include="Исходные файлы\widget">
      <UniqueIdentifier>{136ae72c-fd75-4e36-b047-63bcfa2f0a72}</UniqueIdentifier>
    </Filter>
    <Filter Include="Исходные файлы\main_program">
      <UniqueIdentifier>{b6397dcc-c74c-4944-979d-e92247c8c72f}</UniqueIdentifier>
    </Filter>
    <Filter Include="Исходные файлы\main_program\draw">
      <UniqueIdentifier>{0b6b1e3d-677c-42c1-8701-0d4433f68a0f}</UniqueIdentifier>
    </Filter>
    <Filter Include="Исходные файлы\main_program\cycle">
      <UniqueIdentifier>{096e99d7-3707-401f-8258-c314cff3b454}</UniqueIdentifier>
    </Filter>
    <Filter Include="Исходные файлы\main_program\handle_events">
      <UniqueIdentifier>{3add88e6-623a-4a05-b8e2-e41901711fea}</UniqueIdentifier>
    </Filter>
    <Filter Include="Исходные файлы\main_program\init">
      <UniqueIdentifier>{79bb7175-3acb-4355-9ab5-22b3babe27d6}</UniqueIdentifier>
    </Filter>
    <Filter Include="Исходные файлы\widget\widget_inheritors">
      <UniqueIdentifier>{46e19ff7-0c6a-4a61-848d-7ab56dd74383}</UniqueIdentifier>
    </Filter>
    <Filter Include="Исходные файлы\widget\self">
      <UniqueIdentifier>{9b5cfe54-8f05-44f3-b31c-db7fc7827776}</UniqueIdentifier>
    </Filter>
    <Filter Include="Исходные файлы\widget\widget_inheritors\abstract">
      <UniqueIdentifier>{2aa9b532-e57e-4d6c-a39a-cd9259c0d3ec}</UniqueIdentifier>
    </Filter>
    <Filter Include="Исходные файлы\widget\widget_inheritors\abstract\image_widget">
      <UniqueIdentifier>{6a3823c5-f42c-4c05-9e3e-c3e38846aeb3}</UniqueIdentifier>
    </Filter>
    <Filter Include="Файлы заголовков\widget">
      <UniqueIdentifier>{3015f04e-6989-4c26-a37a-0143414c83ad}</UniqueIdentifier>
    </Filter>
    <Filter Include="Файлы заголовков\widget\widget_inheritors">
      <UniqueIdentifier>{834bfbb2-0e8d-4941-ac08-ec4d30d4a837}</UniqueIdentifier>
    </Filter>
    <Filter Include="Файлы заголовков\widget\widget_inheritors\abstract">
      <UniqueIdentifier>{97fc575a-7ac4-4cee-bbf7-ab8e82657e24}</UniqueIdentifier>
    </Filter>
    <Filter Include="Файлы заголовков\environment">
      <UniqueIdentifier>{a02e3ab9-faf0-412b-8e55-4cfaf84bd860}</UniqueIdentifier>
    </Filter>
    <Filter Include="Файлы заголовков\environment\structs">
      <UniqueIdentifier>{97da18b6-70dd-482e-b42a-aaf03f525ceb}</UniqueIdentifier>
    </Filter>
    <Filter Include="Исходные файлы\widget\widget_inheritors\abstract\animated_widget">
      <UniqueIdentifier>{0779b05c-f7d7-43ca-b81c-ebbdc922f509}</UniqueIdentifier>
    </Filter>
    <Filter Include="Исходные файлы\widget\widget_inheritors\animated_close">
      <UniqueIdentifier>{e85e68f7-7287-4633-90a0-53e30c670032}</UniqueIdentifier>
    </Filter>
    <Filter Include="Исходные файлы\widget\widget_inheritors\abstract\rect_widget">
      <UniqueIdentifier>{4b182746-063c-4672-a8c3-6ed6cb8ba417}</UniqueIdentifier>
    </Filter>
    <Filter Include="Исходные файлы\widget\widget_inheritors\abstract\text_widget">
      <UniqueIdentifier>{a8235d25-6118-4ede-8cbe-a90eef933efb}</UniqueIdentifier>
    </Filter>
    <Filter Include="Исходные файлы\widget\widget_inheritors\abstract\button_widget">
      <UniqueIdentifier>{21864414-6e04-40c9-a793-8412d505aceb}</UniqueIdentifier>
    </Filter>
    <Filter Include="Исходные файлы\widget\widget_inheritors\abstract\slider_widget">
      <UniqueIdentifier>{35e564fd-259c-4aac-99cb-85fcb6dfe3cf}</UniqueIdentifier>
    </Filter>
    <Filter Include="Исходные файлы\widget\widget_inheritors\abstract\progress_bar_widget">
      <UniqueIdentifier>{3fa3b47c-9066-4122-8a0b-2416bf8c7789}</UniqueIdentifier>
    </Filter>
    <Filter Include="Исходные файлы\widget\widget_inheritors\abstract\ddmenu_widget">
      <UniqueIdentifier>{99e90662-79c5-441f-b255-f06d37172714}</UniqueIdentifier>
    </Filter>
    <Filter Include="Исходные файлы\widget\widget_inheritors\ddmenu_option_widget">
      <UniqueIdentifier>{8b8b15e3-38ca-44ab-891a-745ef6b2556f}</UniqueIdentifier>
    </Filter>
  </ItemGroup>
  <ItemGroup>
    <ClCompile Include="SFML_widgets.cpp">
      <Filter>Исходные файлы</Filter>
    </ClCompile>
    <ClCompile Include="point_operators.cpp">
      <Filter>Исходные файлы\point</Filter>
    </ClCompile>
    <ClCompile Include="window.cpp">
      <Filter>Исходные файлы\environment</Filter>
    </ClCompile>
    <ClCompile Include="image_widget_draw.cpp">
      <Filter>Исходные файлы\widget\widget_inheritors\abstract\image_widget</Filter>
    </ClCompile>
    <ClCompile Include="image_widget_constructors.cpp">
      <Filter>Исходные файлы\widget\widget_inheritors\abstract\image_widget</Filter>
    </ClCompile>
    <ClCompile Include="draw.cpp">
      <Filter>Исходные файлы\main_program\draw</Filter>
    </ClCompile>
    <ClCompile Include="cycle.cpp">
      <Filter>Исходные файлы\main_program\cycle</Filter>
    </ClCompile>
    <ClCompile Include="handle_events.cpp">
      <Filter>Исходные файлы\main_program\handle_events</Filter>
    </ClCompile>
    <ClCompile Include="init_sprites.cpp">
      <Filter>Исходные файлы\main_program\init</Filter>
    </ClCompile>
    <ClCompile Include="init.cpp">
      <Filter>Исходные файлы\main_program\init</Filter>
    </ClCompile>
    <ClCompile Include="init_widgets.cpp">
      <Filter>Исходные файлы\main_program\init</Filter>
    </ClCompile>
    <ClCompile Include="clear_memory.cpp">
      <Filter>Исходные файлы\main_program</Filter>
    </ClCompile>
    <ClCompile Include="sprites.cpp">
      <Filter>Исходные файлы\environment</Filter>
    </ClCompile>
    <ClCompile Include="widgets.cpp">
      <Filter>Исходные файлы\environment</Filter>
    </ClCompile>
    <ClCompile Include="widget_add_child.cpp">
      <Filter>Исходные файлы\widget\self</Filter>
    </ClCompile>
    <ClCompile Include="widget_draw.cpp">
      <Filter>Исходные файлы\widget\self</Filter>
    </ClCompile>
    <ClCompile Include="widget_set_visibility.cpp">
      <Filter>Исходные файлы\widget\self</Filter>
    </ClCompile>
    <ClCompile Include="widget_process_click.cpp">
      <Filter>Исходные файлы\widget\self</Filter>
    </ClCompile>
    <ClCompile Include="animated_widget_draw.cpp">
      <Filter>Исходные файлы\widget\widget_inheritors\abstract\animated_widget</Filter>
    </ClCompile>
    <ClCompile Include="animated_widget_constructors.cpp">
      <Filter>Исходные файлы\widget\widget_inheritors\abstract\animated_widget</Filter>
    </ClCompile>
    <ClCompile Include="animated_widget_tick.cpp">
      <Filter>Исходные файлы\widget\widget_inheritors\abstract\animated_widget</Filter>
    </ClCompile>
    <ClCompile Include="animated_close_constructors.cpp">
      <Filter>Исходные файлы\widget\widget_inheritors\animated_close</Filter>
    </ClCompile>
    <ClCompile Include="animated_close_onclick.cpp">
      <Filter>Исходные файлы\widget\widget_inheritors\animated_close</Filter>
    </ClCompile>
    <ClCompile Include="clock.cpp">
      <Filter>Исходные файлы\environment</Filter>
    </ClCompile>
    <ClCompile Include="widget_tick.cpp">
      <Filter>Исходные файлы\widget\self</Filter>
    </ClCompile>
    <ClCompile Include="image_widget_on_click.cpp">
      <Filter>Исходные файлы\widget\widget_inheritors\abstract\image_widget</Filter>
    </ClCompile>
    <ClCompile Include="tick.cpp">
      <Filter>Исходные файлы\main_program\cycle</Filter>
    </ClCompile>
    <ClCompile Include="widgets_process_click.cpp">
      <Filter>Исходные файлы\main_program\handle_events</Filter>
    </ClCompile>
    <ClCompile Include="rect_widget_constructors.cpp">
      <Filter>Исходные файлы\widget\widget_inheritors\abstract\rect_widget</Filter>
    </ClCompile>
    <ClCompile Include="rect_widget_draw.cpp">
      <Filter>Исходные файлы\widget\widget_inheritors\abstract\rect_widget</Filter>
    </ClCompile>
    <ClCompile Include="text_widget_constructors.cpp">
      <Filter>Исходные файлы\widget\widget_inheritors\abstract\text_widget</Filter>
    </ClCompile>
    <ClCompile Include="text_widget_draw.cpp">
      <Filter>Исходные файлы\widget\widget_inheritors\abstract\text_widget</Filter>
    </ClCompile>
    <ClCompile Include="text_widget_set_content.cpp">
      <Filter>Исходные файлы\widget\widget_inheritors\abstract\text_widget</Filter>
    </ClCompile>
    <ClCompile Include="fonts.cpp">
      <Filter>Исходные файлы\environment</Filter>
    </ClCompile>
    <ClCompile Include="init_fonts.cpp">
      <Filter>Исходные файлы\main_program\init</Filter>
    </ClCompile>
    <ClCompile Include="button_widget_constructors.cpp">
      <Filter>Исходные файлы\widget\widget_inheritors\abstract\button_widget</Filter>
    </ClCompile>
    <ClCompile Include="text_widget_set_p.cpp">
      <Filter>Исходные файлы\widget\widget_inheritors\abstract\text_widget</Filter>
    </ClCompile>
    <ClCompile Include="text_widget_get_textrect.cpp">
      <Filter>Исходные файлы\widget\widget_inheritors\abstract\text_widget</Filter>
    </ClCompile>
    <ClCompile Include="button_widget_on_click.cpp">
      <Filter>Исходные файлы\widget\widget_inheritors\abstract\button_widget</Filter>
    </ClCompile>
    <ClCompile Include="slider_widget_on_click.cpp">
      <Filter>Исходные файлы\widget\widget_inheritors\abstract\slider_widget</Filter>
    </ClCompile>
    <ClCompile Include="slider_widget_draw.cpp">
      <Filter>Исходные файлы\widget\widget_inheritors\abstract\slider_widget</Filter>
    </ClCompile>
    <ClCompile Include="slider_widget_constructors.cpp">
      <Filter>Исходные файлы\widget\widget_inheritors\abstract\slider_widget</Filter>
    </ClCompile>
    <ClCompile Include="progress_bar_widget_constructors.cpp">
      <Filter>Исходные файлы\widget\widget_inheritors\abstract\progress_bar_widget</Filter>
    </ClCompile>
    <ClCompile Include="progress_bar_widget_draw.cpp">
      <Filter>Исходные файлы\widget\widget_inheritors\abstract\progress_bar_widget</Filter>
    </ClCompile>
    <ClCompile Include="progress_bar_widget_set_ratio.cpp">
      <Filter>Исходные файлы\widget\widget_inheritors\abstract\progress_bar_widget</Filter>
    </ClCompile>
    <ClCompile Include="checkbox_draw.cpp">
      <Filter>Исходные файлы</Filter>
    </ClCompile>
    <ClCompile Include="checkbox_on_click.cpp">
      <Filter>Исходные файлы</Filter>
    </ClCompile>
    <ClCompile Include="checkox_widget_constructors.cpp">
      <Filter>Исходные файлы</Filter>
    </ClCompile>
    <ClCompile Include="ddmenu_widget_constructors.cpp">
      <Filter>Исходные файлы\widget\widget_inheritors\abstract\ddmenu_widget</Filter>
    </ClCompile>
    <ClCompile Include="ddmenu_events.cpp">
      <Filter>Исходные файлы\widget\widget_inheritors\abstract\ddmenu_widget</Filter>
    </ClCompile>
    <ClCompile Include="ddmenu_show_hide.cpp">
      <Filter>Исходные файлы\widget\widget_inheritors\abstract\ddmenu_widget</Filter>
    </ClCompile>
    <ClCompile Include="ddmenu_widget_choose.cpp">
      <Filter>Исходные файлы\widget\widget_inheritors\abstract\ddmenu_widget</Filter>
    </ClCompile>
    <ClCompile Include="button_widget_set_text.cpp">
      <Filter>Исходные файлы\widget\widget_inheritors\abstract\button_widget</Filter>
    </ClCompile>
    <ClCompile Include="ddmenu_option_widget_constructors.cpp">
      <Filter>Исходные файлы\widget\widget_inheritors\ddmenu_option_widget</Filter>
    </ClCompile>
    <ClCompile Include="ddmenu_option_widget_on_click.cpp">
      <Filter>Исходные файлы\widget\widget_inheritors\ddmenu_option_widget</Filter>
    </ClCompile>
  </ItemGroup>
  <ItemGroup>
    <ClInclude Include="main_programm.hpp">
      <Filter>Файлы заголовков</Filter>
    </ClInclude>
    <ClInclude Include="widget.hpp">
      <Filter>Файлы заголовков\widget</Filter>
    </ClInclude>
    <ClInclude Include="image_widget.hpp">
      <Filter>Файлы заголовков\widget\widget_inheritors\abstract</Filter>
    </ClInclude>
    <ClInclude Include="environment.hpp">
      <Filter>Файлы заголовков\environment</Filter>
    </ClInclude>
    <ClInclude Include="window.hpp">
      <Filter>Файлы заголовков\environment</Filter>
    </ClInclude>
    <ClInclude Include="point.hpp">
      <Filter>Файлы заголовков\environment\structs</Filter>
    </ClInclude>
    <ClInclude Include="animated_widget.hpp">
      <Filter>Файлы заголовков\widget\widget_inheritors\abstract</Filter>
    </ClInclude>
    <ClInclude Include="animated_close.hpp">
      <Filter>Файлы заголовков\widget\widget_inheritors</Filter>
    </ClInclude>
    <ClInclude Include="rect_widget.hpp">
      <Filter>Файлы заголовков\widget\widget_inheritors\abstract</Filter>
    </ClInclude>
    <ClInclude Include="text_widget.hpp">
      <Filter>Файлы заголовков\widget\widget_inheritors\abstract</Filter>
    </ClInclude>
    <ClInclude Include="button_widget.hpp">
      <Filter>Файлы заголовков\widget\widget_inheritors\abstract</Filter>
    </ClInclude>
    <ClInclude Include="slider_widget.hpp">
      <Filter>Файлы заголовков\widget\widget_inheritors\abstract</Filter>
    </ClInclude>
    <ClInclude Include="progress_bar_widget.hpp">
      <Filter>Файлы заголовков\widget\widget_inheritors\abstract</Filter>
    </ClInclude>
    <ClInclude Include="checkbox_widget.hpp">
      <Filter>Файлы заголовков</Filter>
    </ClInclude>
    <ClInclude Include="ddmenu_widget.hpp">
      <Filter>Файлы заголовков\widget\widget_inheritors\abstract</Filter>
    </ClInclude>
    <ClInclude Include="ddmenu_option_widget.hpp">
      <Filter>Файлы заголовков\widget\widget_inheritors</Filter>
    </ClInclude>
  </ItemGroup>
</Project>